
Microsoft Visual Studio Solution File, Format Version 12.00
# Visual Studio Version 17
VisualStudioVersion = 17.13.35806.99 d17.13
MinimumVisualStudioVersion = 10.0.40219.1
Project("{FAE04EC0-301F-11D3-BF4B-00C04F79EFBC}") = "Gifte.Repositories", "Gifte.Repositories\Gifte.Repositories.csproj", "{BB3C4731-164E-486A-BF59-E2F6F2563763}"
EndProject
Project("{FAE04EC0-301F-11D3-BF4B-00C04F79EFBC}") = "Gifte.Services", "Gifte.Services\Gifte.Services.csproj", "{90F04BB8-BFF2-4E2A-94B7-79BA32C23EE0}"
EndProject
Project("{FAE04EC0-301F-11D3-BF4B-00C04F79EFBC}") = "Gifte.API", "Gifte.API\Gifte.API.csproj", "{F690CA86-5C83-43EC-B443-3C6279F47727}"
EndProject
Global
	GlobalSection(SolutionConfigurationPlatforms) = preSolution
		Debug|Any CPU = Debug|Any CPU
		Release|Any CPU = Release|Any CPU
	EndGlobalSection
	GlobalSection(ProjectConfigurationPlatforms) = postSolution
		{BB3C4731-164E-486A-BF59-E2F6F2563763}.Debug|Any CPU.ActiveCfg = Debug|Any CPU
		{BB3C4731-164E-486A-BF59-E2F6F2563763}.Debug|Any CPU.Build.0 = Debug|Any CPU
		{BB3C4731-164E-486A-BF59-E2F6F2563763}.Release|Any CPU.ActiveCfg = Release|Any CPU
		{BB3C4731-164E-486A-BF59-E2F6F2563763}.Release|Any CPU.Build.0 = Release|Any CPU
		{90F04BB8-BFF2-4E2A-94B7-79BA32C23EE0}.Debug|Any CPU.ActiveCfg = Debug|Any CPU
		{90F04BB8-BFF2-4E2A-94B7-79BA32C23EE0}.Debug|Any CPU.Build.0 = Debug|Any CPU
		{90F04BB8-BFF2-4E2A-94B7-79BA32C23EE0}.Release|Any CPU.ActiveCfg = Release|Any CPU
		{90F04BB8-BFF2-4E2A-94B7-79BA32C23EE0}.Release|Any CPU.Build.0 = Release|Any CPU
		{F690CA86-5C83-43EC-B443-3C6279F47727}.Debug|Any CPU.ActiveCfg = Debug|Any CPU
		{F690CA86-5C83-43EC-B443-3C6279F47727}.Debug|Any CPU.Build.0 = Debug|Any CPU
		{F690CA86-5C83-43EC-B443-3C6279F47727}.Release|Any CPU.ActiveCfg = Release|Any CPU
		{F690CA86-5C83-43EC-B443-3C6279F47727}.Release|Any CPU.Build.0 = Release|Any CPU
	EndGlobalSection
	GlobalSection(SolutionProperties) = preSolution
		HideSolutionNode = FALSE
	EndGlobalSection
	GlobalSection(ExtensibilityGlobals) = postSolution
		SolutionGuid = {FE0C186C-5413-4C18-B97F-A375861BEDAE}
	EndGlobalSection
EndGlobal
